hash: 60f8e2d0aefe263e279cd571f3fa5dcacbfda7894fd2fdab7ff6859d787d0339
updated: 2017-04-14T13:41:12.235924389-07:00
imports:
- name: bitbucket.org/pkg/inflect
  version: 8961c3750a47b8c0b3e118d52513b97adf85a7e8
- name: github.com/alecthomas/template
  version: a0175ee3bccc567396460bf5acd36800cb10c49c
  subpackages:
  - parse
- name: github.com/alecthomas/units
  version: 2efee857e7cfd4f3d0138cc3cbb1b4966962b93a
- name: github.com/coddingtonbear/go-simplejson
  version: a582018feafb39c4884d1b03cad98b91e2804276
- name: github.com/go-stack/stack
  version: 100eb0c0a9c5b306ca2fb4f165df21d80ada4b82
- name: github.com/golang/protobuf
  version: 2bba0603135d7d7f5cb73b2125beeda19c09f4ef
  subpackages:
  - proto
- name: github.com/inconshreveable/log15
  version: 39bacc234bf1afd0b68573e95b45871f67ba2cd4
  subpackages:
  - term
- name: github.com/mattn/go-colorable
  version: ded68f7a9561c023e790de24279db7ebf473ea80
- name: github.com/mattn/go-isatty
  version: fc9e8d8ef48496124e79ae0df75490096eccf6fe
- name: github.com/rightscale/go-jsonselect
  version: d04eebe26072b09f780b43c72c6df71b12b8d105
- name: golang.org/x/sys
  version: f3918c30c5c2cb527c0b071a27c35120a6c0719a
  subpackages:
  - unix
- name: gopkg.in/alecthomas/kingpin.v2
  version: 7f0871f2e17818990e4eed73f9b5c2f429501228
testImports:
- name: github.com/onsi/ginkgo
  version: f40a49d81e5c12e90400620b6242fb29a8e7c9d9
  subpackages:
  - config
  - internal/codelocation
  - internal/failer
  - internal/remote
  - internal/suite
  - internal/testingtproxy
  - internal/writer
  - reporters
  - reporters/stenographer
  - types
  - internal/spec_iterator
  - internal/containernode
  - internal/leafnodes
  - internal/spec
  - internal/specrunner
  - reporters/stenographer/support/go-colorable
  - reporters/stenographer/support/go-isatty
- name: github.com/onsi/gomega
  version: 9b8c753e8dfb382618ba8fa19b4197b5dcb0434c
  subpackages:
  - ghttp
  - internal/assertion
  - internal/asyncassertion
  - internal/testingtsupport
  - matchers
  - types
  - internal/oraclematcher
  - format
  - matchers/support/goraph/bipartitegraph
  - matchers/support/goraph/edge
  - matchers/support/goraph/node
  - matchers/support/goraph/util
- name: gopkg.in/yaml.v2
  version: cd8b52f8269e0feb286dfeef29f8fe4d5b397e0b
